
Microsoft Visual Studio Solution File, Format Version 12.00
# Visual Studio Version 17
VisualStudioVersion = 17.9.34728.123
MinimumVisualStudioVersion = 10.0.40219.1
Project("{9A19103F-16F7-4668-BE54-9A1E7A4F7556}") = "CodeEditor2IcarusVerilogPlugin", "CodeEditor2IcarusVerilogPlugin\CodeEditor2IcarusVerilogPlugin.csproj", "{90494A03-19B5-458F-95DB-057E3E03A629}"
EndProject
Project("{9A19103F-16F7-4668-BE54-9A1E7A4F7556}") = "CodeEditor2IcarusVerilogPlugin.Desktop", "CodeEditor2IcarusVerilogPlugin.Desktop\CodeEditor2IcarusVerilogPlugin.Desktop.csproj", "{59526AA5-1079-4108-8CCF-16866EA9F1DD}"
EndProject
Global
	GlobalSection(SolutionConfigurationPlatforms) = preSolution
		Debug|Any CPU = Debug|Any CPU
		Release|Any CPU = Release|Any CPU
	EndGlobalSection
	GlobalSection(ProjectConfigurationPlatforms) = postSolution
		{90494A03-19B5-458F-95DB-057E3E03A629}.Debug|Any CPU.ActiveCfg = Debug|Any CPU
		{90494A03-19B5-458F-95DB-057E3E03A629}.Debug|Any CPU.Build.0 = Debug|Any CPU
		{90494A03-19B5-458F-95DB-057E3E03A629}.Release|Any CPU.ActiveCfg = Release|Any CPU
		{90494A03-19B5-458F-95DB-057E3E03A629}.Release|Any CPU.Build.0 = Release|Any CPU
		{59526AA5-1079-4108-8CCF-16866EA9F1DD}.Debug|Any CPU.ActiveCfg = Debug|Any CPU
		{59526AA5-1079-4108-8CCF-16866EA9F1DD}.Debug|Any CPU.Build.0 = Debug|Any CPU
		{59526AA5-1079-4108-8CCF-16866EA9F1DD}.Release|Any CPU.ActiveCfg = Release|Any CPU
		{59526AA5-1079-4108-8CCF-16866EA9F1DD}.Release|Any CPU.Build.0 = Release|Any CPU
	EndGlobalSection
	GlobalSection(SolutionProperties) = preSolution
		HideSolutionNode = FALSE
	EndGlobalSection
	GlobalSection(ExtensibilityGlobals) = postSolution
		SolutionGuid = {FFA45CB5-D242-49A2-9897-C72DA7C88FCF}
	EndGlobalSection
EndGlobal
